<?xml version="1.0" encoding="utf-8"?>
<Project ToolsVersion="4.0" xmlns="http://schemas.microsoft.com/developer/msbuild/2003">
  <ItemGroup>
    <Filter Include="Source Files">
      <UniqueIdentifier>{4FC737F1-C7A5-4376-A066-2A32D752A2FF}</UniqueIdentifier>
      <Extensions>cpp;c;cc;cxx;c++;cppm;ixx;def;odl;idl;hpj;bat;asm;asmx</Extensions>
    </Filter>
    <Filter Include="Header Files">
      <UniqueIdentifier>{93995380-89BD-4b04-88EB-625FBE52EBFB}</UniqueIdentifier>
      <Extensions>h;hh;hpp;hxx;h++;hm;inl;inc;ipp;xsd</Extensions>
    </Filter>
    <Filter Include="Resource Files">
      <UniqueIdentifier>{67DA6AB6-F800-4c08-8B7A-83BB121AAD01}</UniqueIdentifier>
      <Extensions>rc;ico;cur;bmp;dlg;rc2;rct;bin;rgs;gif;jpg;jpeg;jpe;resx;tiff;tif;png;wav;mfcribbon-ms</Extensions>
    </Filter>
    <Filter Include="Header Files\Engine">
      <UniqueIdentifier>{20c1ad2a-eb29-4332-963c-a623e46fc1aa}</UniqueIdentifier>
    </Filter>
    <Filter Include="Source Files\Engine">
      <UniqueIdentifier>{1edb1925-b234-4c28-8978-2afd6836a990}</UniqueIdentifier>
    </Filter>
    <Filter Include="Source Files\Managers">
      <UniqueIdentifier>{f05dddf9-46bd-4284-b82e-ef3ddd10702e}</UniqueIdentifier>
    </Filter>
    <Filter Include="Header Files\Managers">
      <UniqueIdentifier>{6d82bcaf-4b73-4d43-b5c6-bbdd63f3a514}</UniqueIdentifier>
    </Filter>
    <Filter Include="Header Files\Graphics">
      <UniqueIdentifier>{ac28477b-c344-41c0-a36c-8c70e2fd76d2}</UniqueIdentifier>
    </Filter>
    <Filter Include="Source Files\Graphics">
      <UniqueIdentifier>{fdeccb41-d1e8-49a9-9005-77652d79d5a5}</UniqueIdentifier>
    </Filter>
    <Filter Include="Source Files\Physics">
      <UniqueIdentifier>{cccf1e1f-d953-4b69-a412-b07ac4d6aaa4}</UniqueIdentifier>
    </Filter>
    <Filter Include="Header Files\Physics">
      <UniqueIdentifier>{4fb7e761-3e61-44fc-917d-b910b4b39705}</UniqueIdentifier>
    </Filter>
    <Filter Include="Header Files\Game">
      <UniqueIdentifier>{fd548d46-d18a-4e3d-9030-fb5002e27285}</UniqueIdentifier>
    </Filter>
    <Filter Include="Source Files\Game">
      <UniqueIdentifier>{ac5010ad-c95c-4f27-9633-f2762005ca56}</UniqueIdentifier>
    </Filter>
    <Filter Include="Source Files\Utilities">
      <UniqueIdentifier>{fd9e2948-ce71-4b2a-8781-023e0186809d}</UniqueIdentifier>
    </Filter>
    <Filter Include="Header Files\Utilities">
      <UniqueIdentifier>{e3a1ea54-b368-4285-8f7e-eade4b354311}</UniqueIdentifier>
    </Filter>
    <Filter Include="Header Files\ImGui">
      <UniqueIdentifier>{74c7be28-c4de-47d7-85a9-6a61330752d6}</UniqueIdentifier>
    </Filter>
    <Filter Include="Source Files\ImGui">
      <UniqueIdentifier>{1a859a58-1f2c-4b01-80f5-b0f796c1614d}</UniqueIdentifier>
    </Filter>
    <Filter Include="Source Files\Tween">
      <UniqueIdentifier>{fe735add-8287-4c6d-922f-2f8b525e8787}</UniqueIdentifier>
    </Filter>
    <Filter Include="Header Files\Tween">
      <UniqueIdentifier>{16a9aed3-01f3-49f6-abe6-f009702c8c31}</UniqueIdentifier>
    </Filter>
    <Filter Include="Header Files\EditorUI">
      <UniqueIdentifier>{7e61d7d6-0c46-4758-8a70-9545a2ea9eca}</UniqueIdentifier>
    </Filter>
    <Filter Include="Source Files\EditorUI">
      <UniqueIdentifier>{ab7bef05-49ba-403b-babd-b00df676ca61}</UniqueIdentifier>
    </Filter>
    <Filter Include="Source Files\Graphics\Vulkan">
      <UniqueIdentifier>{e4dfa5a6-36fa-4e50-8f97-4b9facd1eb8a}</UniqueIdentifier>
    </Filter>
    <Filter Include="Header Files\Graphics\Vulkan">
      <UniqueIdentifier>{be3ddcdb-d567-420f-92ea-291e8097d310}</UniqueIdentifier>
    </Filter>
    <Filter Include="Header Files\GameUI">
      <UniqueIdentifier>{2846d31a-7c85-412b-8a0e-d0bce2e9d9e4}</UniqueIdentifier>
    </Filter>
    <Filter Include="Source Files\GameUI">
      <UniqueIdentifier>{1cd9b8e8-8cf6-4cdc-811d-25b94ca90cb2}</UniqueIdentifier>
    </Filter>
    <Filter Include="Header Files\Scripting">
      <UniqueIdentifier>{588d377e-6ba8-4344-b1f8-7ad84653e05b}</UniqueIdentifier>
    </Filter>
    <Filter Include="Source Files\Scripting">
      <UniqueIdentifier>{029dba3d-2bc1-4d7e-b5e5-be80c1adf157}</UniqueIdentifier>
    </Filter>
    <Filter Include="Header Files\EditorUI\Containers">
      <UniqueIdentifier>{4a498a32-7dc0-4d96-8406-82aa06611cbf}</UniqueIdentifier>
    </Filter>
    <Filter Include="Source Files\EditorUI\Containers">
      <UniqueIdentifier>{1a2546d1-6dfb-4205-98fd-d5f79f899dd3}</UniqueIdentifier>
    </Filter>
  </ItemGroup>
  <ItemGroup>
    <ClCompile Include="ECSInternal.cpp">
      <Filter>Source Files\Engine</Filter>
    </ClCompile>
    <ClCompile Include="RandUID.cpp">
      <Filter>Source Files\Engine</Filter>
    </ClCompile>
    <ClCompile Include="ECS.cpp">
      <Filter>Source Files\Engine</Filter>
    </ClCompile>
    <ClCompile Include="Input.cpp">
      <Filter>Source Files\Engine</Filter>
    </ClCompile>
    <ClCompile Include="Collision.cpp">
      <Filter>Source Files\Physics</Filter>
    </ClCompile>
    <ClCompile Include="game.cpp">
      <Filter>Source Files\Game</Filter>
    </ClCompile>
    <ClCompile Include="TextSystem.cpp">
      <Filter>Source Files\Graphics</Filter>
    </ClCompile>
    <ClCompile Include="Transform.cpp">
      <Filter>Source Files\Utilities</Filter>
    </ClCompile>
    <ClCompile Include="..\External\Include\ImGui\imgui.cpp">
      <Filter>Source Files\ImGui</Filter>
    </ClCompile>
    <ClCompile Include="..\External\Include\ImGui\imgui_demo.cpp">
      <Filter>Source Files\ImGui</Filter>
    </ClCompile>
    <ClCompile Include="..\External\Include\ImGui\imgui_draw.cpp">
      <Filter>Source Files\ImGui</Filter>
    </ClCompile>
    <ClCompile Include="..\External\Include\ImGui\backends\imgui_impl_glfw.cpp">
      <Filter>Source Files\ImGui</Filter>
    </ClCompile>
    <ClCompile Include="..\External\Include\ImGui\imgui_tables.cpp">
      <Filter>Source Files\ImGui</Filter>
    </ClCompile>
    <ClCompile Include="..\External\Include\ImGui\imgui_widgets.cpp">
      <Filter>Source Files\ImGui</Filter>
    </ClCompile>
    <ClCompile Include="ResourceManager.cpp">
      <Filter>Source Files\Managers</Filter>
    </ClCompile>
    <ClCompile Include="Animation.cpp">
      <Filter>Source Files\Graphics</Filter>
    </ClCompile>
    <ClCompile Include="Physics.cpp">
      <Filter>Source Files\Physics</Filter>
    </ClCompile>
    <ClCompile Include="TextComponent.cpp">
      <Filter>Source Files\Graphics</Filter>
    </ClCompile>
    <ClCompile Include="Performance.cpp">
      <Filter>Source Files\Utilities</Filter>
    </ClCompile>
    <ClCompile Include="CustomViewport.cpp">
      <Filter>Source Files\Graphics</Filter>
    </ClCompile>
    <ClCompile Include="AudioManager.cpp">
      <Filter>Source Files\Managers</Filter>
    </ClCompile>
    <ClCompile Include="TweenBase.cpp">
      <Filter>Source Files\Tween</Filter>
    </ClCompile>
    <ClCompile Include="TypeID.cpp">
      <Filter>Source Files\Engine</Filter>
    </ClCompile>
    <ClCompile Include="IRegisteredComponent.cpp">
      <Filter>Source Files\Utilities</Filter>
    </ClCompile>
    <ClCompile Include="Editor.cpp">
      <Filter>Source Files\EditorUI</Filter>
    </ClCompile>
    <ClCompile Include="IEditorComponent.cpp">
      <Filter>Source Files\EditorUI</Filter>
    </ClCompile>
    <ClCompile Include="Console.cpp">
      <Filter>Source Files\EditorUI</Filter>
    </ClCompile>
    <ClCompile Include="Performance.cpp">
      <Filter>Source Files\EditorUI</Filter>
    </ClCompile>
    <ClCompile Include="Engine.cpp">
      <Filter>Source Files\Engine</Filter>
    </ClCompile>
    <ClCompile Include="TweenECS.cpp">
      <Filter>Source Files\Tween</Filter>
    </ClCompile>
    <ClCompile Include="TweenManager.cpp">
      <Filter>Source Files\Tween</Filter>
    </ClCompile>
    <ClCompile Include="GameTime.cpp">
      <Filter>Source Files\Game</Filter>
    </ClCompile>
    <ClCompile Include="Serializer.cpp">
      <Filter>Source Files\Engine</Filter>
    </ClCompile>
    <ClCompile Include="AssetBrowser.cpp">
      <Filter>Source Files\EditorUI</Filter>
    </ClCompile>
    <ClCompile Include="GameSettings.cpp">
      <Filter>Source Files\Game</Filter>
    </ClCompile>
    <ClCompile Include="GameSettings.cpp">
      <Filter>Source Files</Filter>
    </ClCompile>
    <ClCompile Include="Messaging.cpp">
      <Filter>Source Files\Engine</Filter>
    </ClCompile>
    <ClCompile Include="ryan-c\Buffer.cpp">
      <Filter>Source Files\Graphics\Vulkan</Filter>
    </ClCompile>
    <ClCompile Include="ryan-c\CommandManager.cpp">
      <Filter>Source Files\Graphics\Vulkan</Filter>
    </ClCompile>
    <ClCompile Include="ryan-c\DebugMsgr.cpp">
      <Filter>Source Files\Graphics\Vulkan</Filter>
    </ClCompile>
    <ClCompile Include="ryan-c\DescriptorPoolManager.cpp">
      <Filter>Source Files\Graphics\Vulkan</Filter>
    </ClCompile>
    <ClCompile Include="ryan-c\DescriptorSetManager.cpp">
      <Filter>Source Files\Graphics\Vulkan</Filter>
    </ClCompile>
    <ClCompile Include="ryan-c\Device.cpp">
      <Filter>Source Files\Graphics\Vulkan</Filter>
    </ClCompile>
    <ClCompile Include="ryan-c\FontAtlas.cpp">
      <Filter>Source Files\Graphics\Vulkan</Filter>
    </ClCompile>
    <ClCompile Include="ryan-c\Instance.cpp">
      <Filter>Source Files\Graphics\Vulkan</Filter>
    </ClCompile>
    <ClCompile Include="ryan-c\Mesh3D.cpp">
      <Filter>Source Files\Graphics\Vulkan</Filter>
    </ClCompile>
    <ClCompile Include="ryan-c\PipelineManager.cpp">
      <Filter>Source Files\Graphics\Vulkan</Filter>
    </ClCompile>
    <ClCompile Include="ryan-c\Renderer.cpp">
      <Filter>Source Files\Graphics\Vulkan</Filter>
    </ClCompile>
    <ClCompile Include="ryan-c\ShaderModule.cpp">
      <Filter>Source Files\Graphics\Vulkan</Filter>
    </ClCompile>
    <ClCompile Include="ryan-c\Surface.cpp">
      <Filter>Source Files\Graphics\Vulkan</Filter>
    </ClCompile>
    <ClCompile Include="ryan-c\Swapchain.cpp">
      <Filter>Source Files\Graphics\Vulkan</Filter>
    </ClCompile>
    <ClCompile Include="ryan-c\TextureManager.cpp">
      <Filter>Source Files\Graphics\Vulkan</Filter>
    </ClCompile>
    <ClCompile Include="ryan-c\VkInit.cpp">
      <Filter>Source Files\Graphics\Vulkan</Filter>
    </ClCompile>
    <ClCompile Include="ryan-c\vma_impl.cpp">
      <Filter>Source Files\Graphics\Vulkan</Filter>
    </ClCompile>
    <ClCompile Include="ryan-c\VulkanContext.cpp">
      <Filter>Source Files\Graphics\Vulkan</Filter>
    </ClCompile>
    <ClCompile Include="ryan-c\VulkanHelper.cpp">
      <Filter>Source Files\Graphics\Vulkan</Filter>
    </ClCompile>
    <ClCompile Include="ryan-c\VulkanManager.cpp">
      <Filter>Source Files\Graphics\Vulkan</Filter>
    </ClCompile>
    <ClCompile Include="main.cpp">
      <Filter>Source Files</Filter>
    </ClCompile>
    <ClCompile Include="..\External\Include\ImGui\backends\imgui_impl_vulkan.cpp">
      <Filter>Source Files\ImGui</Filter>
    </ClCompile>
    <ClCompile Include="Health.cpp">
      <Filter>Source Files\GameUI</Filter>
    </ClCompile>
    <ClCompile Include="ryan-c\QueryManager.cpp">
      <Filter>Source Files\Graphics\Vulkan</Filter>
    </ClCompile>
    <ClCompile Include="CameraController.cpp">
      <Filter>Source Files\Graphics</Filter>
    </ClCompile>
    <ClCompile Include="Sprite.cpp">
      <Filter>Source Files\Graphics</Filter>
    </ClCompile>
    <ClCompile Include="RenderComponent.cpp">
      <Filter>Source Files\Graphics</Filter>
    </ClCompile>
    <ClCompile Include="AnimatorComponent.cpp">
      <Filter>Source Files\Graphics</Filter>
    </ClCompile>
    <ClCompile Include="AnimatorSystem.cpp">
      <Filter>Source Files\Graphics</Filter>
    </ClCompile>
    <ClCompile Include="RenderSystem.cpp">
      <Filter>Source Files\Graphics</Filter>
    </ClCompile>
    <ClCompile Include="SceneManagement.cpp">
      <Filter>Source Files\Engine</Filter>
    </ClCompile>
    <ClCompile Include="PrefabWindow.cpp">
      <Filter>Source Files</Filter>
    </ClCompile>
    <ClCompile Include="Import.cpp">
      <Filter>Source Files\EditorUI</Filter>
    </ClCompile>
    <ClCompile Include="Hierarchy.cpp">
      <Filter>Source Files\EditorUI</Filter>
    </ClCompile>
    <ClCompile Include="CSScripting.cpp">
      <Filter>Source Files\Scripting</Filter>
    </ClCompile>
    <ClCompile Include="ScriptComponent.cpp">
      <Filter>Source Files\Scripting</Filter>
    </ClCompile>
    <ClCompile Include="ScriptGlue.cpp">
      <Filter>Source Files\Scripting</Filter>
    </ClCompile>
    <ClCompile Include="EditorTweenModule.cpp">
      <Filter>Source Files\EditorUI</Filter>
    </ClCompile>
    <ClCompile Include="IHiddenComponent.cpp">
      <Filter>Source Files\EditorUI</Filter>
    </ClCompile>
    <ClCompile Include="NameComponent.cpp">
      <Filter>Source Files\Engine</Filter>
    </ClCompile>
    <ClCompile Include="Utilities.cpp">
      <Filter>Source Files\Utilities</Filter>
    </ClCompile>
    <ClCompile Include="GameSystems.cpp">
      <Filter>Source Files\Game</Filter>
    </ClCompile>
    <ClCompile Include="Gizmo.cpp">
      <Filter>Source Files\EditorUI</Filter>
    </ClCompile>
    <ClCompile Include="Button.cpp">
      <Filter>Source Files\GameUI</Filter>
    </ClCompile>
    <ClCompile Include="Filesystem.cpp">
      <Filter>Source Files\Managers</Filter>
    </ClCompile>
    <ClCompile Include="StateMachine.cpp">
      <Filter>Source Files\Utilities</Filter>
    </ClCompile>
    <ClCompile Include="EntityStateMachine.cpp">
      <Filter>Source Files\Engine</Filter>
    </ClCompile>
    <ClCompile Include="GameStateMachine.cpp">
      <Filter>Source Files\Game</Filter>
    </ClCompile>
    <ClCompile Include="CameraComponent.cpp">
      <Filter>Source Files\Graphics</Filter>
    </ClCompile>
    <ClCompile Include="CameraSystem.cpp">
      <Filter>Source Files\Graphics</Filter>
    </ClCompile>
    <ClCompile Include="ScriptManagement.cpp">
      <Filter>Source Files\Scripting</Filter>
    </ClCompile>
    <ClCompile Include="HotReloader.cpp">
      <Filter>Source Files\Scripting</Filter>
    </ClCompile>
    <ClCompile Include="History.cpp">
      <Filter>Source Files\EditorUI</Filter>
    </ClCompile>
    <ClCompile Include="EditorHistory.cpp">
      <Filter>Source Files\EditorUI</Filter>
    </ClCompile>
    <ClCompile Include="CheatCodes.cpp">
      <Filter>Source Files\Game</Filter>
    </ClCompile>
    <ClCompile Include="Character.cpp">
      <Filter>Source Files\Game</Filter>
    </ClCompile>
    <ClCompile Include="ObjectiveTimer.cpp">
      <Filter>Source Files\GameUI</Filter>
    </ClCompile>
    <ClCompile Include="Popup.cpp">
      <Filter>Source Files\EditorUI</Filter>
    </ClCompile>
    <ClCompile Include="EnemyStateMachine.cpp">
      <Filter>Source Files\Game</Filter>
    </ClCompile>
    <ClCompile Include="Bullet.cpp">
      <Filter>Source Files\Game</Filter>
    </ClCompile>
    <ClCompile Include="EntityUID.cpp">
      <Filter>Source Files\Engine</Filter>
    </ClCompile>
    <ClCompile Include="EntitySpawnEvents.cpp">
      <Filter>Source Files\Engine</Filter>
    </ClCompile>
    <ClCompile Include="MainObjective.cpp">
      <Filter>Source Files\Game</Filter>
    </ClCompile>
    <ClCompile Include="Weapon.cpp">
      <Filter>Source Files\Game</Filter>
    </ClCompile>
    <ClCompile Include="Bar.cpp">
      <Filter>Source Files\GameUI</Filter>
    </ClCompile>
    <ClCompile Include="EnemySpawnSystem.cpp">
      <Filter>Source Files\Game</Filter>
    </ClCompile>
    <ClCompile Include="EntityEvents.cpp">
      <Filter>Source Files\Engine</Filter>
    </ClCompile>
    <ClCompile Include="ECSSysLayers.cpp">
      <Filter>Source Files\Engine</Filter>
    </ClCompile>
    <ClCompile Include="ArmPivot.cpp">
      <Filter>Source Files\Game</Filter>
    </ClCompile>
    <ClCompile Include="GameOver.cpp">
      <Filter>Source Files\GameUI</Filter>
    </ClCompile>
    <ClCompile Include="IGameComponentCallbacks.cpp">
      <Filter>Source Files\Game</Filter>
    </ClCompile>
    <ClCompile Include="GUICollection.cpp">
      <Filter>Source Files\EditorUI\Containers</Filter>
    </ClCompile>
    <ClCompile Include="AudioListener.cpp">
      <Filter>Source Files\Game</Filter>
    </ClCompile>
    <ClCompile Include="Materials.cpp">
      <Filter>Source Files\Graphics</Filter>
    </ClCompile>
    <ClCompile Include="LightComponent.cpp">
      <Filter>Source Files\Graphics</Filter>
    </ClCompile>
    <ClCompile Include="LightingSystem.cpp">
      <Filter>Source Files\Graphics</Filter>
    </ClCompile>
    <ClCompile Include="Parallax.cpp">
      <Filter>Source Files\Game</Filter>
    </ClCompile>
    <ClCompile Include="Highlightable.cpp">
      <Filter>Source Files\Game</Filter>
    </ClCompile>
    <ClCompile Include="Player.cpp">
      <Filter>Source Files</Filter>
    </ClCompile>
    <ClCompile Include="EntityLayers.cpp">
      <Filter>Source Files\Engine</Filter>
    </ClCompile>
    <ClCompile Include="LayersMatrix.cpp">
      <Filter>Source Files\EditorUI</Filter>
    </ClCompile>
    <ClCompile Include="SettingsWindow.cpp">
      <Filter>Source Files\EditorUI</Filter>
    </ClCompile>
    <ClCompile Include="JumpPad.cpp">
      <Filter>Source Files\Game</Filter>
    </ClCompile>
    <ClCompile Include="GameManager.cpp">
      <Filter>Source Files\Managers</Filter>
    </ClCompile>
    <ClCompile Include="EnemyBomb.cpp">
      <Filter>Source Files\Game</Filter>
    </ClCompile>
    <ClCompile Include="PauseSystem.cpp">
      <Filter>Source Files\Game</Filter>
    </ClCompile>
    <ClCompile Include="GameCameraController.cpp">
      <Filter>Source Files\Game</Filter>
    </ClCompile>
    <ClCompile Include="MultiSpriteComponent.cpp">
      <Filter>Source Files\Game</Filter>
    </ClCompile>
    <ClCompile Include="Healthpack.cpp">
      <Filter>Source Files\Game</Filter>
    </ClCompile>
    <ClCompile Include="PersistentInteractableComponent.cpp">
      <Filter>Source Files\Game</Filter>
    </ClCompile>
    <ClCompile Include="Shield.cpp">
      <Filter>Source Files\Game</Filter>
    </ClCompile>
    <ClCompile Include="InventoryContainer.cpp">
      <Filter>Source Files\GameUI</Filter>
    </ClCompile>
    <ClCompile Include="InventoryUIManager.cpp">
      <Filter>Source Files\GameUI</Filter>
    </ClCompile>
    <ClCompile Include="Holdable.cpp">
      <Filter>Source Files\Game</Filter>
    </ClCompile>
    <ClCompile Include="DefenceStarterComponent.cpp">
      <Filter>Source Files</Filter>
    </ClCompile>
    <ClCompile Include="SceneSoundManager.cpp">
      <Filter>Source Files\Game</Filter>
    </ClCompile>
    <ClCompile Include="MenuSoundManager.cpp">
      <Filter>Source Files\Game</Filter>
    </ClCompile>
    <ClCompile Include="AudioSystem.cpp">
      <Filter>Source Files\Game</Filter>
    </ClCompile>
    <ClCompile Include="pch.cpp">
      <Filter>Source Files</Filter>
    </ClCompile>
    <ClCompile Include="Scheduler.cpp">
      <Filter>Source Files\Engine</Filter>
    </ClCompile>
    <ClCompile Include="DropPodComponent.cpp">
      <Filter>Source Files</Filter>
    </ClCompile>
    <ClCompile Include="BossAIComponent.cpp">
      <Filter>Source Files</Filter>
    </ClCompile>
    <ClCompile Include="BombRange.cpp">
      <Filter>Source Files\Game</Filter>
    </ClCompile>
    <ClCompile Include="ReticleSpread.cpp">
      <Filter>Source Files\GameUI</Filter>
    </ClCompile>
    <ClCompile Include="HitFlash.cpp">
      <Filter>Source Files\Game</Filter>
    </ClCompile>
    <ClCompile Include="ItemInfoPanel.cpp">
      <Filter>Source Files\GameUI</Filter>
    </ClCompile>
    <ClCompile Include="ObjectiveArrow.cpp">
      <Filter>Source Files\GameUI</Filter>
    </ClCompile>
    <ClCompile Include="Intel.cpp">
      <Filter>Source Files\Game</Filter>
    </ClCompile>
    <ClCompile Include="HiddenSwitch.cpp">
      <Filter>Source Files</Filter>
    </ClCompile>
    <ClCompile Include="SceneTransitionManager.cpp">
      <Filter>Source Files</Filter>
    </ClCompile>
    <ClCompile Include="CheckBoxComponent.cpp">
      <Filter>Source Files\GameUI</Filter>
    </ClCompile>
    <ClCompile Include="IntelViewer.cpp">
      <Filter>Source Files\GameUI</Filter>
    </ClCompile>
    <ClCompile Include="Door.cpp">
      <Filter>Source Files\Game</Filter>
    </ClCompile>
    <ClCompile Include="Slider.cpp">
      <Filter>Source Files\GameUI</Filter>
    </ClCompile>
    <ClCompile Include="Rotater.cpp">
      <Filter>Source Files\Game</Filter>
    </ClCompile>
    <ClCompile Include="TutorialSoundManager.cpp">
      <Filter>Source Files\Game</Filter>
    </ClCompile>
    <ClCompile Include="UIScreenManager.cpp">
      <Filter>Source Files\GameUI</Filter>
    </ClCompile>
    <ClCompile Include="Confirmation.cpp">
      <Filter>Source Files</Filter>
    </ClCompile>
    <ClCompile Include="TrailComponent.cpp">
      <Filter>Source Files\Graphics</Filter>
    </ClCompile>
    <ClCompile Include="TrailSystem.cpp">
      <Filter>Source Files\Graphics</Filter>
    </ClCompile>
    <ClCompile Include="KillAnimationWhenFinish.cpp">
      <Filter>Source Files</Filter>
    </ClCompile>
    <ClCompile Include="ArmPivotIK.cpp">
      <Filter>Source Files\Game</Filter>
    </ClCompile>
    <ClCompile Include="PostProcessingComponent.cpp">
      <Filter>Source Files\Graphics</Filter>
    </ClCompile>
    <ClCompile Include="GamepadInputAdapter.cpp">
      <Filter>Source Files\Game</Filter>
    </ClCompile>
    <ClCompile Include="CeilingTurret.cpp">
      <Filter>Source Files\Game</Filter>
    </ClCompile>
    <ClCompile Include="Checkpoint.cpp">
      <Filter>Source Files\Game</Filter>
    </ClCompile>
    <ClCompile Include="FadeAndDie.cpp">
      <Filter>Source Files\Game</Filter>
    </ClCompile>
    <ClCompile Include="Gibs.cpp">
      <Filter>Source Files\Game</Filter>
    </ClCompile>
    <ClCompile Include="PlayerDeathManager.cpp">
      <Filter>Source Files\Game</Filter>
    </ClCompile>
    <ClCompile Include="PrefabSpawner.cpp">
      <Filter>Source Files\Game</Filter>
    </ClCompile>
    <ClCompile Include="MultiReference.cpp">
      <Filter>Source Files\Game</Filter>
    </ClCompile>
    <ClCompile Include="BossBoundedComponent.cpp">
      <Filter>Source Files</Filter>
    </ClCompile>
    <ClCompile Include="CutsceneManager.cpp">
      <Filter>Source Files</Filter>
    </ClCompile>
    <ClCompile Include="IntelDoor.cpp">
      <Filter>Source Files\Game</Filter>
    </ClCompile>
    <ClCompile Include="SplashComponent.cpp">
      <Filter>Source Files</Filter>
    </ClCompile>
  </ItemGroup>
  <ItemGroup>
    <ClInclude Include="ECS.h">
      <Filter>Header Files\Engine</Filter>
    </ClInclude>
    <ClInclude Include="Input.h">
      <Filter>Header Files\Engine</Filter>
    </ClInclude>
    <ClInclude Include="Player.h">
      <Filter>Header Files\Game</Filter>
    </ClInclude>
    <ClInclude Include="Collision.h">
      <Filter>Header Files\Physics</Filter>
    </ClInclude>
    <ClInclude Include="TextSystem.h">
      <Filter>Header Files\Graphics</Filter>
    </ClInclude>
    <ClInclude Include="percentmath.h">
      <Filter>Header Files\Utilities</Filter>
    </ClInclude>
    <ClInclude Include="Transform.h">
      <Filter>Header Files\Utilities</Filter>
    </ClInclude>
    <ClInclude Include="game.h">
      <Filter>Header Files\Game</Filter>
    </ClInclude>
    <ClInclude Include="..\External\Include\ImGui\imconfig.h">
      <Filter>Header Files\ImGui</Filter>
    </ClInclude>
    <ClInclude Include="..\External\Include\ImGui\imgui.h">
      <Filter>Header Files\ImGui</Filter>
    </ClInclude>
    <ClInclude Include="..\External\Include\ImGui\imgui_internal.h">
      <Filter>Header Files\ImGui</Filter>
    </ClInclude>
    <ClInclude Include="..\External\Include\ImGui\imstb_rectpack.h">
      <Filter>Header Files\ImGui</Filter>
    </ClInclude>
    <ClInclude Include="..\External\Include\ImGui\imstb_textedit.h">
      <Filter>Header Files\ImGui</Filter>
    </ClInclude>
    <ClInclude Include="..\External\Include\ImGui\imstb_truetype.h">
      <Filter>Header Files\ImGui</Filter>
    </ClInclude>
    <ClInclude Include="ResourceManager.h">
      <Filter>Header Files\Managers</Filter>
    </ClInclude>
    <ClInclude Include="Animation.h">
      <Filter>Header Files\Graphics</Filter>
    </ClInclude>
    <ClInclude Include="Physics.h">
      <Filter>Header Files\Physics</Filter>
    </ClInclude>
    <ClInclude Include="Singleton.h">
      <Filter>Header Files\Engine</Filter>
    </ClInclude>
    <ClInclude Include="TextComponent.h">
      <Filter>Header Files\Graphics</Filter>
    </ClInclude>
    <ClInclude Include="Messaging.h">
      <Filter>Header Files\Engine</Filter>
    </ClInclude>
    <ClInclude Include="Performance.h">
      <Filter>Header Files\Utilities</Filter>
    </ClInclude>
    <ClInclude Include="CustomViewport.h">
      <Filter>Header Files\Graphics</Filter>
    </ClInclude>
    <ClInclude Include="AudioManager.h">
      <Filter>Header Files\Managers</Filter>
    </ClInclude>
    <ClInclude Include="ECSSysLayers.h">
      <Filter>Header Files\Engine</Filter>
    </ClInclude>
    <ClInclude Include="Tween.h">
      <Filter>Header Files\Tween</Filter>
    </ClInclude>
    <ClInclude Include="TweenManager.h">
      <Filter>Header Files\Tween</Filter>
    </ClInclude>
    <ClInclude Include="TweenBase.h">
      <Filter>Header Files\Tween</Filter>
    </ClInclude>
    <ClInclude Include="TypeID.h">
      <Filter>Header Files\Engine</Filter>
    </ClInclude>
    <ClInclude Include="IRegisteredComponent.h">
      <Filter>Header Files\Utilities</Filter>
    </ClInclude>
    <ClInclude Include="Console.h">
      <Filter>Header Files\EditorUI</Filter>
    </ClInclude>
    <ClInclude Include="Editor.h">
      <Filter>Header Files\EditorUI</Filter>
    </ClInclude>
    <ClInclude Include="IEditorComponent.h">
      <Filter>Header Files\EditorUI</Filter>
    </ClInclude>
    <ClInclude Include="Performance.h">
      <Filter>Header Files\EditorUI</Filter>
    </ClInclude>
    <ClInclude Include="TweenECS.h">
      <Filter>Header Files\Tween</Filter>
    </ClInclude>
    <ClInclude Include="Messaging.ipp">
      <Filter>Header Files\Engine</Filter>
    </ClInclude>
    <ClInclude Include="Engine.h">
      <Filter>Header Files\Engine</Filter>
    </ClInclude>
    <ClInclude Include="Tween.ipp">
      <Filter>Header Files\Tween</Filter>
    </ClInclude>
    <ClInclude Include="TweenECS.ipp">
      <Filter>Header Files\Tween</Filter>
    </ClInclude>
    <ClInclude Include="TweenManager.ipp">
      <Filter>Header Files\Tween</Filter>
    </ClInclude>
    <ClInclude Include="GameTime.h">
      <Filter>Header Files\Game</Filter>
    </ClInclude>
    <ClInclude Include="Serializer.h">
      <Filter>Header Files\Engine</Filter>
    </ClInclude>
    <ClInclude Include="AssetBrowser.h">
      <Filter>Header Files\EditorUI</Filter>
    </ClInclude>
    <ClInclude Include="GameSettings.h">
      <Filter>Header Files\Game</Filter>
    </ClInclude>
    <ClInclude Include="GameSettings.h">
      <Filter>Header Files</Filter>
    </ClInclude>
    <ClInclude Include="ryan-c\Buffer.h">
      <Filter>Header Files\Graphics\Vulkan</Filter>
    </ClInclude>
    <ClInclude Include="ryan-c\CommandManager.h">
      <Filter>Header Files\Graphics\Vulkan</Filter>
    </ClInclude>
    <ClInclude Include="ryan-c\DebugMsgr.h">
      <Filter>Header Files\Graphics\Vulkan</Filter>
    </ClInclude>
    <ClInclude Include="ryan-c\DescriptorPoolManager.h">
      <Filter>Header Files\Graphics\Vulkan</Filter>
    </ClInclude>
    <ClInclude Include="ryan-c\DescriptorSetManager.h">
      <Filter>Header Files\Graphics\Vulkan</Filter>
    </ClInclude>
    <ClInclude Include="ryan-c\Device.h">
      <Filter>Header Files\Graphics\Vulkan</Filter>
    </ClInclude>
    <ClInclude Include="..\External\Include\ImGui\backends\imgui_impl_glfw.h">
      <Filter>Header Files\ImGui</Filter>
    </ClInclude>
    <ClInclude Include="..\External\Include\ImGui\backends\imgui_impl_vulkan.h">
      <Filter>Header Files\ImGui</Filter>
    </ClInclude>
    <ClInclude Include="ryan-c\Instance.h">
      <Filter>Header Files\Graphics\Vulkan</Filter>
    </ClInclude>
    <ClInclude Include="ryan-c\Mesh3D.h">
      <Filter>Header Files\Graphics\Vulkan</Filter>
    </ClInclude>
    <ClInclude Include="ryan-c\PipelineManager.h">
      <Filter>Header Files\Graphics\Vulkan</Filter>
    </ClInclude>
    <ClInclude Include="ryan-c\Renderer.h">
      <Filter>Header Files\Graphics\Vulkan</Filter>
    </ClInclude>
    <ClInclude Include="ryan-c\ShaderModule.h">
      <Filter>Header Files\Graphics\Vulkan</Filter>
    </ClInclude>
    <ClInclude Include="ryan-c\Surface.h">
      <Filter>Header Files\Graphics\Vulkan</Filter>
    </ClInclude>
    <ClInclude Include="ryan-c\Swapchain.h">
      <Filter>Header Files\Graphics\Vulkan</Filter>
    </ClInclude>
    <ClInclude Include="ryan-c\TextureManager.h">
      <Filter>Header Files\Graphics\Vulkan</Filter>
    </ClInclude>
    <ClInclude Include="ryan-c\VkInit.h">
      <Filter>Header Files\Graphics\Vulkan</Filter>
    </ClInclude>
    <ClInclude Include="ryan-c\vma_impl.h">
      <Filter>Header Files\Graphics\Vulkan</Filter>
    </ClInclude>
    <ClInclude Include="ryan-c\VulkanContext.h">
      <Filter>Header Files\Graphics\Vulkan</Filter>
    </ClInclude>
    <ClInclude Include="ryan-c\VulkanHelper.h">
      <Filter>Header Files\Graphics\Vulkan</Filter>
    </ClInclude>
    <ClInclude Include="ryan-c\VulkanManager.h">
      <Filter>Header Files\Graphics\Vulkan</Filter>
    </ClInclude>
    <ClInclude Include="ryan-c\FontAtlas.h">
      <Filter>Header Files\Graphics</Filter>
    </ClInclude>
    <ClInclude Include="Health.h">
      <Filter>Header Files\GameUI</Filter>
    </ClInclude>
    <ClInclude Include="..\External\Include\Vulkan\Volk\volk.h">
      <Filter>Header Files\Graphics\Vulkan</Filter>
    </ClInclude>
    <ClInclude Include="ryan-c\Vk_Incl.h">
      <Filter>Header Files\Graphics\Vulkan</Filter>
    </ClInclude>
    <ClInclude Include="ryan-c\QueryManager.h">
      <Filter>Header Files\Graphics\Vulkan</Filter>
    </ClInclude>
    <ClInclude Include="CameraController.h">
      <Filter>Header Files\Graphics</Filter>
    </ClInclude>
    <ClInclude Include="Sprite.h">
      <Filter>Header Files\Graphics</Filter>
    </ClInclude>
    <ClInclude Include="IconsFontAwesome6.h">
      <Filter>Header Files\Graphics</Filter>
    </ClInclude>
    <ClInclude Include="AnimatorComponent.h">
      <Filter>Header Files\Graphics</Filter>
    </ClInclude>
    <ClInclude Include="RenderComponent.h">
      <Filter>Header Files\Graphics</Filter>
    </ClInclude>
    <ClInclude Include="AnimatorSystem.h">
      <Filter>Header Files\Graphics</Filter>
    </ClInclude>
    <ClInclude Include="RenderSystem.h">
      <Filter>Header Files\Graphics</Filter>
    </ClInclude>
    <ClInclude Include="SceneManagement.h">
      <Filter>Header Files\Engine</Filter>
    </ClInclude>
    <ClInclude Include="Import.h">
      <Filter>Header Files\EditorUI</Filter>
    </ClInclude>
    <ClInclude Include="PrefabWindow.h">
      <Filter>Header Files\EditorUI</Filter>
    </ClInclude>
    <ClInclude Include="PrefabManager.h">
      <Filter>Header Files\Managers</Filter>
    </ClInclude>
    <ClInclude Include="Hierarchy.h">
      <Filter>Header Files\EditorUI</Filter>
    </ClInclude>
    <ClInclude Include="CSScripting.h">
      <Filter>Header Files\Scripting</Filter>
    </ClInclude>
    <ClInclude Include="ScriptComponent.h">
      <Filter>Header Files\Scripting</Filter>
    </ClInclude>
    <ClInclude Include="ScriptGlue.h">
      <Filter>Header Files\Scripting</Filter>
    </ClInclude>
    <ClInclude Include="EditorTweenModule.h">
      <Filter>Header Files\EditorUI</Filter>
    </ClInclude>
    <ClInclude Include="IHiddenComponent.h">
      <Filter>Header Files\EditorUI</Filter>
    </ClInclude>
    <ClInclude Include="NameComponent.h">
      <Filter>Header Files\EditorUI</Filter>
    </ClInclude>
    <ClInclude Include="Utilities.h">
      <Filter>Header Files\Utilities</Filter>
    </ClInclude>
    <ClInclude Include="StateMachine.h">
      <Filter>Header Files\Utilities</Filter>
    </ClInclude>
    <ClInclude Include="GameSystems.h">
      <Filter>Header Files\Game</Filter>
    </ClInclude>
    <ClInclude Include="Serializer.ipp">
      <Filter>Header Files\Engine</Filter>
    </ClInclude>
    <ClInclude Include="MaskTemplate.h">
      <Filter>Header Files\Utilities</Filter>
    </ClInclude>
    <ClInclude Include="Gizmo.h">
      <Filter>Header Files\EditorUI</Filter>
    </ClInclude>
    <ClInclude Include="Button.h">
      <Filter>Header Files\GameUI</Filter>
    </ClInclude>
    <ClInclude Include="Filesystem.h">
      <Filter>Header Files\Managers</Filter>
    </ClInclude>
    <ClInclude Include="EntityStateMachine.h">
      <Filter>Header Files\Engine</Filter>
    </ClInclude>
    <ClInclude Include="GameStateMachine.h">
      <Filter>Header Files\Game</Filter>
    </ClInclude>
    <ClInclude Include="CameraComponent.h">
      <Filter>Header Files\Graphics</Filter>
    </ClInclude>
    <ClInclude Include="CameraSystem.h">
      <Filter>Header Files\Graphics</Filter>
    </ClInclude>
    <ClInclude Include="ScriptManagement.h">
      <Filter>Header Files</Filter>
    </ClInclude>
    <ClInclude Include="HotReloader.h">
      <Filter>Header Files\Scripting</Filter>
    </ClInclude>
    <ClInclude Include="History.h">
      <Filter>Header Files\EditorUI</Filter>
    </ClInclude>
    <ClInclude Include="EditorHistory.h">
      <Filter>Header Files\EditorUI</Filter>
    </ClInclude>
    <ClInclude Include="CheatCodes.h">
      <Filter>Header Files\Game</Filter>
    </ClInclude>
    <ClInclude Include="Character.h">
      <Filter>Header Files\Game</Filter>
    </ClInclude>
    <ClInclude Include="ObjectiveTimer.h">
      <Filter>Header Files\GameUI</Filter>
    </ClInclude>
    <ClInclude Include="Popup.h">
      <Filter>Header Files\EditorUI</Filter>
    </ClInclude>
    <ClInclude Include="Weapon.h">
      <Filter>Header Files\Game</Filter>
    </ClInclude>
    <ClInclude Include="MainObjective.h">
      <Filter>Header Files\Game</Filter>
    </ClInclude>
    <ClInclude Include="EnemyStateMachine.h">
      <Filter>Header Files\Game</Filter>
    </ClInclude>
    <ClInclude Include="Bullet.h">
      <Filter>Header Files\Game</Filter>
    </ClInclude>
    <ClInclude Include="EntityUID.h">
      <Filter>Header Files\Engine</Filter>
    </ClInclude>
    <ClInclude Include="EntitySpawnEvents.h">
      <Filter>Header Files\Engine</Filter>
    </ClInclude>
    <ClInclude Include="MainObjective.h">
      <Filter>Header Files\Game</Filter>
    </ClInclude>
    <ClInclude Include="Bar.h">
      <Filter>Header Files\GameUI</Filter>
    </ClInclude>
    <ClInclude Include="EnemySpawnSystem.h">
      <Filter>Header Files\Game</Filter>
    </ClInclude>
    <ClInclude Include="EntityEvents.h">
      <Filter>Header Files\Engine</Filter>
    </ClInclude>
    <ClInclude Include="ArmPivot.h">
      <Filter>Header Files\Game</Filter>
    </ClInclude>
    <ClInclude Include="GameOver.h">
      <Filter>Header Files\GameUI</Filter>
    </ClInclude>
    <ClInclude Include="IGameComponentCallbacks.h">
      <Filter>Header Files\Game</Filter>
    </ClInclude>
    <ClInclude Include="FunctionQueue.h">
      <Filter>Header Files\Engine</Filter>
    </ClInclude>
    <ClInclude Include="resource.h">
      <Filter>Header Files</Filter>
    </ClInclude>
    <ClInclude Include="GUICollection.h">
      <Filter>Header Files\EditorUI\Containers</Filter>
    </ClInclude>
    <ClInclude Include="MacroTemplates.h">
      <Filter>Header Files\Utilities</Filter>
    </ClInclude>
    <ClInclude Include="AudioListener.h">
      <Filter>Header Files\Game</Filter>
    </ClInclude>
    <ClInclude Include="Materials.h">
      <Filter>Header Files\Graphics</Filter>
    </ClInclude>
    <ClInclude Include="LightComponent.h">
      <Filter>Header Files\Graphics</Filter>
    </ClInclude>
    <ClInclude Include="LightingSystem.h">
      <Filter>Header Files\Graphics</Filter>
    </ClInclude>
    <ClInclude Include="Parallax.h">
      <Filter>Header Files\Game</Filter>
    </ClInclude>
    <ClInclude Include="Highlightable.h">
      <Filter>Header Files\Game</Filter>
    </ClInclude>
    <ClInclude Include="EntityLayers.h">
      <Filter>Header Files\Engine</Filter>
    </ClInclude>
    <ClInclude Include="LayersMatrix.h">
      <Filter>Header Files\EditorUI</Filter>
    </ClInclude>
    <ClInclude Include="SettingsWindow.h">
      <Filter>Header Files\EditorUI</Filter>
    </ClInclude>
    <ClInclude Include="JumpPad.h">
      <Filter>Header Files\Game</Filter>
    </ClInclude>
    <ClInclude Include="GameManager.h">
      <Filter>Header Files\Managers</Filter>
    </ClInclude>
    <ClInclude Include="EnemyBomb.h">
      <Filter>Header Files\Game</Filter>
    </ClInclude>
    <ClInclude Include="PauseSystem.h">
      <Filter>Header Files\Game</Filter>
    </ClInclude>
    <ClInclude Include="GameCameraController.h">
      <Filter>Header Files\Game</Filter>
    </ClInclude>
    <ClInclude Include="MultiSpriteComponent.h">
      <Filter>Header Files\Game</Filter>
    </ClInclude>
    <ClInclude Include="Healthpack.h">
      <Filter>Header Files\Game</Filter>
    </ClInclude>
    <ClInclude Include="PersistentInteractableComponent.h">
      <Filter>Header Files\Game</Filter>
    </ClInclude>
    <ClInclude Include="Shield.h">
      <Filter>Header Files\Game</Filter>
    </ClInclude>
    <ClInclude Include="InventoryContainer.h">
      <Filter>Header Files\GameUI</Filter>
    </ClInclude>
    <ClInclude Include="InventoryUIManager.h">
      <Filter>Header Files\GameUI</Filter>
    </ClInclude>
    <ClInclude Include="Holdable.h">
      <Filter>Header Files\Game</Filter>
    </ClInclude>
    <ClInclude Include="DefenceStarterComponent.h">
      <Filter>Header Files</Filter>
    </ClInclude>
    <ClInclude Include="SceneSoundManager.h">
      <Filter>Header Files\Game</Filter>
    </ClInclude>
    <ClInclude Include="MenuSoundManager.h">
      <Filter>Header Files\Game</Filter>
    </ClInclude>
    <ClInclude Include="AudioSystem.h">
      <Filter>Header Files\Game</Filter>
    </ClInclude>
    <ClInclude Include="pch.h">
      <Filter>Header Files</Filter>
    </ClInclude>
    <ClInclude Include="Scheduler.h">
      <Filter>Header Files\Engine</Filter>
    </ClInclude>
    <ClInclude Include="DropPodComponent.h">
      <Filter>Header Files</Filter>
    </ClInclude>
    <ClInclude Include="BossAIComponent.h">
      <Filter>Header Files</Filter>
    </ClInclude>
    <ClInclude Include="BombRange.h">
      <Filter>Header Files\Game</Filter>
    </ClInclude>
    <ClInclude Include="ReticleSpread.h">
      <Filter>Header Files\GameUI</Filter>
    </ClInclude>
    <ClInclude Include="HitFlash.h">
      <Filter>Header Files\Game</Filter>
    </ClInclude>
    <ClInclude Include="ItemInfoPanel.h">
      <Filter>Header Files\GameUI</Filter>
    </ClInclude>
    <ClInclude Include="GUICollection.ipp">
      <Filter>Header Files\EditorUI\Containers</Filter>
    </ClInclude>
    <ClInclude Include="ObjectiveArrow.h">
      <Filter>Header Files\GameUI</Filter>
    </ClInclude>
    <ClInclude Include="Intel.h">
      <Filter>Header Files\Game</Filter>
    </ClInclude>
    <ClInclude Include="HiddenSwitch.h">
      <Filter>Header Files</Filter>
    </ClInclude>
    <ClInclude Include="SceneTransitionManager.h">
      <Filter>Header Files\Managers</Filter>
    </ClInclude>
    <ClInclude Include="CheckBoxComponent.h">
      <Filter>Header Files\GameUI</Filter>
    </ClInclude>
    <ClInclude Include="EnemyStateMachine.ipp">
      <Filter>Header Files\Game</Filter>
    </ClInclude>
    <ClInclude Include="IntelViewer.h">
      <Filter>Header Files\GameUI</Filter>
    </ClInclude>
    <ClInclude Include="Door.h">
      <Filter>Header Files\Game</Filter>
    </ClInclude>
    <ClInclude Include="Slider.h">
      <Filter>Header Files\GameUI</Filter>
    </ClInclude>
    <ClInclude Include="Rotater.h">
      <Filter>Header Files\Game</Filter>
    </ClInclude>
    <ClInclude Include="TutorialSoundManager.h">
      <Filter>Header Files\Game</Filter>
    </ClInclude>
    <ClInclude Include="UIScreenManager.h">
      <Filter>Header Files\GameUI</Filter>
    </ClInclude>
    <ClInclude Include="Confirmation.h">
      <Filter>Header Files</Filter>
    </ClInclude>
    <ClInclude Include="TrailComponent.h">
      <Filter>Header Files\Graphics</Filter>
    </ClInclude>
    <ClInclude Include="TrailSystem.h">
      <Filter>Header Files\Graphics</Filter>
    </ClInclude>
    <ClInclude Include="KillAnimationWhenFinish.h">
      <Filter>Header Files</Filter>
    </ClInclude>
    <ClInclude Include="ArmPivotIK.h">
      <Filter>Header Files\Game</Filter>
    </ClInclude>
    <ClInclude Include="PostProcessingComponent.h">
      <Filter>Header Files\Graphics</Filter>
    </ClInclude>
    <ClInclude Include="GamepadInputAdapter.h">
      <Filter>Header Files\Game</Filter>
    </ClInclude>
    <ClInclude Include="CeilingTurret.h">
      <Filter>Header Files\Game</Filter>
    </ClInclude>
    <ClInclude Include="Checkpoint.h">
      <Filter>Header Files\Game</Filter>
    </ClInclude>
    <ClInclude Include="FadeAndDie.h">
      <Filter>Header Files\Game</Filter>
    </ClInclude>
    <ClInclude Include="Gibs.h">
      <Filter>Header Files\Game</Filter>
    </ClInclude>
    <ClInclude Include="PlayerDeathManager.h">
      <Filter>Header Files\Game</Filter>
    </ClInclude>
    <ClInclude Include="PrefabSpawner.h">
      <Filter>Header Files\Game</Filter>
    </ClInclude>
    <ClInclude Include="MultiReference.h">
      <Filter>Header Files\Game</Filter>
    </ClInclude>
    <ClInclude Include="BossBoundedComponent.h">
      <Filter>Header Files</Filter>
    </ClInclude>
    <ClInclude Include="CutsceneManager.h">
      <Filter>Header Files</Filter>
    </ClInclude>
    <ClInclude Include="IntelDoor.h">
      <Filter>Header Files\Game</Filter>
    </ClInclude>
    <ClInclude Include="SplashComponent.h">
      <Filter>Header Files</Filter>
    </ClInclude>
  </ItemGroup>
  <ItemGroup>
    <ClInclude Include="ECSInternal.h">
      <Filter>Header Files\Engine</Filter>
    </ClInclude>
    <ClInclude Include="ECSInternal.ipp">
      <Filter>Header Files\Engine</Filter>
    </ClInclude>
    <ClInclude Include="RandUID.h">
      <Filter>Header Files\Engine</Filter>
    </ClInclude>
    <ClInclude Include="ECS.ipp">
      <Filter>Header Files\Engine</Filter>
    </ClInclude>
  </ItemGroup>
  <ItemGroup>
    <None Include="..\Shaders\debug.frag">
      <Filter>Resource Files</Filter>
    </None>
    <None Include="..\Shaders\shader.frag">
      <Filter>Resource Files</Filter>
    </None>
    <None Include="..\Shaders\shader.vert">
      <Filter>Resource Files</Filter>
    </None>
    <None Include="..\Shaders\debug.vert">
      <Filter>Resource Files</Filter>
    </None>
    <None Include="cpp.hint" />
  </ItemGroup>
  <ItemGroup>
    <ResourceCompile Include="Icon.rc">
      <Filter>Resource Files</Filter>
    </ResourceCompile>
  </ItemGroup>
  <ItemGroup>
    <Image Include="Icon.ico">
      <Filter>Resource Files</Filter>
    </Image>
  </ItemGroup>
</Project>