
Microsoft Visual Studio Solution File, Format Version 12.00
# Visual Studio Version 17
VisualStudioVersion = 17.7.34024.191
MinimumVisualStudioVersion = 10.0.40219.1
Project("{8BC9CEB8-8B4A-11D0-8D11-00A0C91BC942}") = "NanoDebuff", "NanoDebuff\NanoDebuff.vcxproj", "{5C50ACA1-8013-4156-B281-69BDDE5DB6DC}"
EndProject
Global
	GlobalSection(SolutionConfigurationPlatforms) = preSolution
		Debug|x64 = Debug|x64
		Release|x64 = Release|x64
	EndGlobalSection
	GlobalSection(ProjectConfigurationPlatforms) = postSolution
		{5C50ACA1-8013-4156-B281-69BDDE5DB6DC}.Debug|x64.ActiveCfg = Debug|x64
		{5C50ACA1-8013-4156-B281-69BDDE5DB6DC}.Debug|x64.Build.0 = Debug|x64
		{5C50ACA1-8013-4156-B281-69BDDE5DB6DC}.Release|x64.ActiveCfg = Release|x64
		{5C50ACA1-8013-4156-B281-69BDDE5DB6DC}.Release|x64.Build.0 = Release|x64
	EndGlobalSection
	GlobalSection(SolutionProperties) = preSolution
		HideSolutionNode = FALSE
	EndGlobalSection
	GlobalSection(ExtensibilityGlobals) = postSolution
		SolutionGuid = {4BF2DA70-5D7A-4FA7-97BB-7FAAF535078F}
	EndGlobalSection
EndGlobal
